
Microsoft Visual Studio Solution File, Format Version 12.00
Project("{FAE04EC0-301F-11D3-BF4B-00C04F79EFBC}") = "MyCompany.IdentityServer", "MyCompany.IdentityServer\MyCompany.IdentityServer.csproj", "{1A156B4A-146A-4D0F-813A-021CC26DB00D}"
EndProject
Project("{FAE04EC0-301F-11D3-BF4B-00C04F79EFBC}") = "MyCompany.Api", "MyCompany.Api\MyCompany.Api.csproj", "{4274964B-7B7A-4A43-B834-9E6C03F1B32A}"
EndProject
Global
	GlobalSection(SolutionConfigurationPlatforms) = preSolution
		Debug|Any CPU = Debug|Any CPU
		Release|Any CPU = Release|Any CPU
	EndGlobalSection
	GlobalSection(ProjectConfigurationPlatforms) = postSolution
		{1A156B4A-146A-4D0F-813A-021CC26DB00D}.Debug|Any CPU.ActiveCfg = Debug|Any CPU
		{1A156B4A-146A-4D0F-813A-021CC26DB00D}.Debug|Any CPU.Build.0 = Debug|Any CPU
		{1A156B4A-146A-4D0F-813A-021CC26DB00D}.Release|Any CPU.ActiveCfg = Release|Any CPU
		{1A156B4A-146A-4D0F-813A-021CC26DB00D}.Release|Any CPU.Build.0 = Release|Any CPU
		{4274964B-7B7A-4A43-B834-9E6C03F1B32A}.Debug|Any CPU.ActiveCfg = Debug|Any CPU
		{4274964B-7B7A-4A43-B834-9E6C03F1B32A}.Debug|Any CPU.Build.0 = Debug|Any CPU
		{4274964B-7B7A-4A43-B834-9E6C03F1B32A}.Release|Any CPU.ActiveCfg = Release|Any CPU
		{4274964B-7B7A-4A43-B834-9E6C03F1B32A}.Release|Any CPU.Build.0 = Release|Any CPU
	EndGlobalSection
EndGlobal
